
Microsoft Visual Studio Solution File, Format Version 12.00
# Visual Studio Version 16
VisualStudioVersion = 16.0.31613.86
MinimumVisualStudioVersion = 10.0.40219.1
Project("{FAE04EC0-301F-11D3-BF4B-00C04F79EFBC}") = "VentaRepuestosConsola", "VentaRepuestosConsola\VentaRepuestosConsola.csproj", "{8F03080F-D165-4774-940D-6711E6623830}"
EndProject
Project("{FAE04EC0-301F-11D3-BF4B-00C04F79EFBC}") = "VentaRepuestosBibliotecaClases", "VentaRepuestosBibliotecaClases\VentaRepuestosBibliotecaClases.csproj", "{BB318EBC-EC0A-40E7-B698-9C0DE4159F2D}"
EndProject
Global
	GlobalSection(SolutionConfigurationPlatforms) = preSolution
		Debug|Any CPU = Debug|Any CPU
		Release|Any CPU = Release|Any CPU
	EndGlobalSection
	GlobalSection(ProjectConfigurationPlatforms) = postSolution
		{8F03080F-D165-4774-940D-6711E6623830}.Debug|Any CPU.ActiveCfg = Debug|Any CPU
		{8F03080F-D165-4774-940D-6711E6623830}.Debug|Any CPU.Build.0 = Debug|Any CPU
		{8F03080F-D165-4774-940D-6711E6623830}.Release|Any CPU.ActiveCfg = Release|Any CPU
		{8F03080F-D165-4774-940D-6711E6623830}.Release|Any CPU.Build.0 = Release|Any CPU
		{BB318EBC-EC0A-40E7-B698-9C0DE4159F2D}.Debug|Any CPU.ActiveCfg = Debug|Any CPU
		{BB318EBC-EC0A-40E7-B698-9C0DE4159F2D}.Debug|Any CPU.Build.0 = Debug|Any CPU
		{BB318EBC-EC0A-40E7-B698-9C0DE4159F2D}.Release|Any CPU.ActiveCfg = Release|Any CPU
		{BB318EBC-EC0A-40E7-B698-9C0DE4159F2D}.Release|Any CPU.Build.0 = Release|Any CPU
	EndGlobalSection
	GlobalSection(SolutionProperties) = preSolution
		HideSolutionNode = FALSE
	EndGlobalSection
	GlobalSection(ExtensibilityGlobals) = postSolution
		SolutionGuid = {67AA04B3-A246-4E69-87D2-CF78BFFAF40D}
	EndGlobalSection
EndGlobal
